// !$*UTF8*$!
{
	archiveVersion = 1;
	classes = {
	};
	objectVersion = 55;
	objects = {

/* Begin PBXBuildFile section */
		F410AE2427D5AE7400D967CD /* TabBar.swift in Sources */ = {isa = PBXBuildFile; fileRef = F410AE2327D5AE7400D967CD /* TabBar.swift */; };
		F410AE2627D5B30700D967CD /* Tab.swift in Sources */ = {isa = PBXBuildFile; fileRef = F410AE2527D5B30700D967CD /* Tab.swift */; };
		F410AE2827D6004A00D967CD /* HomeView.swift in Sources */ = {isa = PBXBuildFile; fileRef = F410AE2727D6004A00D967CD /* HomeView.swift */; };
		F410AE2F27D6034900D967CD /* FeaturedItem.swift in Sources */ = {isa = PBXBuildFile; fileRef = F410AE2E27D6034900D967CD /* FeaturedItem.swift */; };
		F410AE3127D6EA1F00D967CD /* NavigationBar.swift in Sources */ = {isa = PBXBuildFile; fileRef = F410AE3027D6EA1F00D967CD /* NavigationBar.swift */; };
		F4368E0F27D097EC00D99343 /* DesignCodeiOS15App.swift in Sources */ = {isa = PBXBuildFile; fileRef = F4368E0E27D097EC00D99343 /* DesignCodeiOS15App.swift */; };
		F4368E1127D097EC00D99343 /* ContentView.swift in Sources */ = {isa = PBXBuildFile; fileRef = F4368E1027D097EC00D99343 /* ContentView.swift */; };
		F4368E1327D097EE00D99343 /* Assets.xcassets in Resources */ = {isa = PBXBuildFile; fileRef = F4368E1227D097EE00D99343 /* Assets.xcassets */; };
		F4368E1627D097EE00D99343 /* Preview Assets.xcassets in Resources */ = {isa = PBXBuildFile; fileRef = F4368E1527D097EE00D99343 /* Preview Assets.xcassets */; };
		F4368E1D27D0A9C900D99343 /* Styles.swift in Sources */ = {isa = PBXBuildFile; fileRef = F4368E1C27D0A9C900D99343 /* Styles.swift */; };
		F4368E1F27D0C1F600D99343 /* AccountView.swift in Sources */ = {isa = PBXBuildFile; fileRef = F4368E1E27D0C1F600D99343 /* AccountView.swift */; };
		F4368E2127D1D8C100D99343 /* HexagonView.swift in Sources */ = {isa = PBXBuildFile; fileRef = F4368E2027D1D8C100D99343 /* HexagonView.swift */; };
		F4368E2327D1E42800D99343 /* BlobView.swift in Sources */ = {isa = PBXBuildFile; fileRef = F4368E2227D1E42800D99343 /* BlobView.swift */; };
		F4478B8427D6F0C300787D5F /* PreferenceKeys.swift in Sources */ = {isa = PBXBuildFile; fileRef = F4478B8327D6F0C300787D5F /* PreferenceKeys.swift */; };
		F4478B8627D8A60100787D5F /* AnimatableFontModifier.swift in Sources */ = {isa = PBXBuildFile; fileRef = F4478B8527D8A60100787D5F /* AnimatableFontModifier.swift */; };
		F4478B8827D8A87C00787D5F /* Course.swift in Sources */ = {isa = PBXBuildFile; fileRef = F4478B8727D8A87C00787D5F /* Course.swift */; };
		F4478B8A27D983C400787D5F /* MatchedView.swift in Sources */ = {isa = PBXBuildFile; fileRef = F4478B8927D983C400787D5F /* MatchedView.swift */; };
		F4478B8C27D996B000787D5F /* CourseItem.swift in Sources */ = {isa = PBXBuildFile; fileRef = F4478B8B27D996B000787D5F /* CourseItem.swift */; };
		F4478B8E27D9978B00787D5F /* CourseView.swift in Sources */ = {isa = PBXBuildFile; fileRef = F4478B8D27D9978B00787D5F /* CourseView.swift */; };
		F4478B9027D9A06A00787D5F /* Animations.swift in Sources */ = {isa = PBXBuildFile; fileRef = F4478B8F27D9A06A00787D5F /* Animations.swift */; };
		F4478B9227D9C93200787D5F /* Model.swift in Sources */ = {isa = PBXBuildFile; fileRef = F4478B9127D9C93200787D5F /* Model.swift */; };
		F4478B9427D9F4C600787D5F /* SearchView.swift in Sources */ = {isa = PBXBuildFile; fileRef = F4478B9327D9F4C600787D5F /* SearchView.swift */; };
		F4478B9627DA091C00787D5F /* Suggestion.swift in Sources */ = {isa = PBXBuildFile; fileRef = F4478B9527DA091C00787D5F /* Suggestion.swift */; };
/* End PBXBuildFile section */

/* Begin PBXFileReference section */
		F410AE2327D5AE7400D967CD /* TabBar.swift */ = {isa = PBXFileReference; lastKnownFileType = sourcecode.swift; path = TabBar.swift; sourceTree = "<group>"; };
		F410AE2527D5B30700D967CD /* Tab.swift */ = {isa = PBXFileReference; lastKnownFileType = sourcecode.swift; path = Tab.swift; sourceTree = "<group>"; };
		F410AE2727D6004A00D967CD /* HomeView.swift */ = {isa = PBXFileReference; lastKnownFileType = sourcecode.swift; path = HomeView.swift; sourceTree = "<group>"; };
		F410AE2E27D6034900D967CD /* FeaturedItem.swift */ = {isa = PBXFileReference; lastKnownFileType = sourcecode.swift; path = FeaturedItem.swift; sourceTree = "<group>"; };
		F410AE3027D6EA1F00D967CD /* NavigationBar.swift */ = {isa = PBXFileReference; lastKnownFileType = sourcecode.swift; path = NavigationBar.swift; sourceTree = "<group>"; };
		F4368E0B27D097EC00D99343 /* DesignCode.app */ = {isa = PBXFileReference; explicitFileType = wrapper.application; includeInIndex = 0; path = DesignCode.app; sourceTree = BUILT_PRODUCTS_DIR; };
		F4368E0E27D097EC00D99343 /* DesignCodeiOS15App.swift */ = {isa = PBXFileReference; lastKnownFileType = sourcecode.swift; path = DesignCodeiOS15App.swift; sourceTree = "<group>"; };
		F4368E1027D097EC00D99343 /* ContentView.swift */ = {isa = PBXFileReference; lastKnownFileType = sourcecode.swift; path = ContentView.swift; sourceTree = "<group>"; };
		F4368E1227D097EE00D99343 /* Assets.xcassets */ = {isa = PBXFileReference; lastKnownFileType = folder.assetcatalog; path = Assets.xcassets; sourceTree = "<group>"; };
		F4368E1527D097EE00D99343 /* Preview Assets.xcassets */ = {isa = PBXFileReference; lastKnownFileType = folder.assetcatalog; path = "Preview Assets.xcassets"; sourceTree = "<group>"; };
		F4368E1C27D0A9C900D99343 /* Styles.swift */ = {isa = PBXFileReference; lastKnownFileType = sourcecode.swift; path = Styles.swift; sourceTree = "<group>"; };
		F4368E1E27D0C1F600D99343 /* AccountView.swift */ = {isa = PBXFileReference; lastKnownFileType = sourcecode.swift; path = AccountView.swift; sourceTree = "<group>"; };
		F4368E2027D1D8C100D99343 /* HexagonView.swift */ = {isa = PBXFileReference; lastKnownFileType = sourcecode.swift; path = HexagonView.swift; sourceTree = "<group>"; };
		F4368E2227D1E42800D99343 /* BlobView.swift */ = {isa = PBXFileReference; lastKnownFileType = sourcecode.swift; path = BlobView.swift; sourceTree = "<group>"; };
		F4478B8327D6F0C300787D5F /* PreferenceKeys.swift */ = {isa = PBXFileReference; lastKnownFileType = sourcecode.swift; path = PreferenceKeys.swift; sourceTree = "<group>"; };
		F4478B8527D8A60100787D5F /* AnimatableFontModifier.swift */ = {isa = PBXFileReference; lastKnownFileType = sourcecode.swift; path = AnimatableFontModifier.swift; sourceTree = "<group>"; };
		F4478B8727D8A87C00787D5F /* Course.swift */ = {isa = PBXFileReference; lastKnownFileType = sourcecode.swift; path = Course.swift; sourceTree = "<group>"; };
		F4478B8927D983C400787D5F /* MatchedView.swift */ = {isa = PBXFileReference; lastKnownFileType = sourcecode.swift; path = MatchedView.swift; sourceTree = "<group>"; };
		F4478B8B27D996B000787D5F /* CourseItem.swift */ = {isa = PBXFileReference; lastKnownFileType = sourcecode.swift; path = CourseItem.swift; sourceTree = "<group>"; };
		F4478B8D27D9978B00787D5F /* CourseView.swift */ = {isa = PBXFileReference; lastKnownFileType = sourcecode.swift; path = CourseView.swift; sourceTree = "<group>"; };
		F4478B8F27D9A06A00787D5F /* Animations.swift */ = {isa = PBXFileReference; lastKnownFileType = sourcecode.swift; path = Animations.swift; sourceTree = "<group>"; };
		F4478B9127D9C93200787D5F /* Model.swift */ = {isa = PBXFileReference; lastKnownFileType = sourcecode.swift; path = Model.swift; sourceTree = "<group>"; };
		F4478B9327D9F4C600787D5F /* SearchView.swift */ = {isa = PBXFileReference; lastKnownFileType = sourcecode.swift; path = SearchView.swift; sourceTree = "<group>"; };
		F4478B9527DA091C00787D5F /* Suggestion.swift */ = {isa = PBXFileReference; lastKnownFileType = sourcecode.swift; path = Suggestion.swift; sourceTree = "<group>"; };
/* End PBXFileReference section */

/* Begin PBXFrameworksBuildPhase section */
		F4368E0827D097EC00D99343 /* Frameworks */ = {
			isa = PBXFrameworksBuildPhase;
			buildActionMask = 2147483647;
			files = (
			);
			runOnlyForDeploymentPostprocessing = 0;
		};
/* End PBXFrameworksBuildPhase section */

/* Begin PBXGroup section */
		F410AE2927D601AC00D967CD /* Navigation */ = {
			isa = PBXGroup;
			children = (
				F4368E1027D097EC00D99343 /* ContentView.swift */,
				F410AE2327D5AE7400D967CD /* TabBar.swift */,
				F410AE3027D6EA1F00D967CD /* NavigationBar.swift */,
			);
			path = Navigation;
			sourceTree = "<group>";
		};
		F410AE2A27D601B600D967CD /* Views */ = {
			isa = PBXGroup;
			children = (
				F410AE2727D6004A00D967CD /* HomeView.swift */,
				F4368E1E27D0C1F600D99343 /* AccountView.swift */,
				F4478B8927D983C400787D5F /* MatchedView.swift */,
				F4478B8D27D9978B00787D5F /* CourseView.swift */,
				F4478B9327D9F4C600787D5F /* SearchView.swift */,
			);
			path = Views;
			sourceTree = "<group>";
		};
		F410AE2B27D601BD00D967CD /* Components */ = {
			isa = PBXGroup;
			children = (
				F4368E2227D1E42800D99343 /* BlobView.swift */,
				F4368E2027D1D8C100D99343 /* HexagonView.swift */,
				F410AE2E27D6034900D967CD /* FeaturedItem.swift */,
				F4478B8B27D996B000787D5F /* CourseItem.swift */,
			);
			path = Components;
			sourceTree = "<group>";
		};
		F410AE2C27D601CF00D967CD /* Model */ = {
			isa = PBXGroup;
			children = (
				F410AE2527D5B30700D967CD /* Tab.swift */,
				F4478B8327D6F0C300787D5F /* PreferenceKeys.swift */,
				F4478B8727D8A87C00787D5F /* Course.swift */,
				F4478B9127D9C93200787D5F /* Model.swift */,
				F4478B9527DA091C00787D5F /* Suggestion.swift */,
			);
			path = Model;
			sourceTree = "<group>";
		};
		F410AE2D27D601D500D967CD /* Styles */ = {
			isa = PBXGroup;
			children = (
				F4368E1C27D0A9C900D99343 /* Styles.swift */,
				F4478B8527D8A60100787D5F /* AnimatableFontModifier.swift */,
				F4478B8F27D9A06A00787D5F /* Animations.swift */,
			);
			path = Styles;
			sourceTree = "<group>";
		};
		F4368E0227D097EC00D99343 = {
			isa = PBXGroup;
			children = (
				F4368E0D27D097EC00D99343 /* DesignCodeiOS15 */,
				F4368E0C27D097EC00D99343 /* Products */,
			);
			sourceTree = "<group>";
		};
		F4368E0C27D097EC00D99343 /* Products */ = {
			isa = PBXGroup;
			children = (
				F4368E0B27D097EC00D99343 /* DesignCode.app */,
			);
			name = Products;
			sourceTree = "<group>";
		};
		F4368E0D27D097EC00D99343 /* DesignCodeiOS15 */ = {
			isa = PBXGroup;
			children = (
				F410AE2927D601AC00D967CD /* Navigation */,
				F410AE2A27D601B600D967CD /* Views */,
				F410AE2C27D601CF00D967CD /* Model */,
				F410AE2B27D601BD00D967CD /* Components */,
				F410AE2D27D601D500D967CD /* Styles */,
				F4368E0E27D097EC00D99343 /* DesignCodeiOS15App.swift */,
				F4368E1227D097EE00D99343 /* Assets.xcassets */,
				F4368E1427D097EE00D99343 /* Preview Content */,
			);
			path = DesignCodeiOS15;
			sourceTree = "<group>";
		};
		F4368E1427D097EE00D99343 /* Preview Content */ = {
			isa = PBXGroup;
			children = (
				F4368E1527D097EE00D99343 /* Preview Assets.xcassets */,
			);
			path = "Preview Content";
			sourceTree = "<group>";
		};
/* End PBXGroup section */

/* Begin PBXNativeTarget section */
		F4368E0A27D097EC00D99343 /* DesignCodeiOS15 */ = {
			isa = PBXNativeTarget;
			buildConfigurationList = F4368E1927D097EE00D99343 /* Build configuration list for PBXNativeTarget "DesignCodeiOS15" */;
			buildPhases = (
				F4368E0727D097EC00D99343 /* Sources */,
				F4368E0827D097EC00D99343 /* Frameworks */,
				F4368E0927D097EC00D99343 /* Resources */,
			);
			buildRules = (
			);
			dependencies = (
			);
			name = DesignCodeiOS15;
			productName = DesignCodeiOS15;
			productReference = F4368E0B27D097EC00D99343 /* DesignCode.app */;
			productType = "com.apple.product-type.application";
		};
/* End PBXNativeTarget section */

/* Begin PBXProject section */
		F4368E0327D097EC00D99343 /* Project object */ = {
			isa = PBXProject;
			attributes = {
				BuildIndependentTargetsInParallel = 1;
				LastSwiftUpdateCheck = 1320;
				LastUpgradeCheck = 1320;
				TargetAttributes = {
					F4368E0A27D097EC00D99343 = {
						CreatedOnToolsVersion = 13.2.1;
					};
				};
			};
			buildConfigurationList = F4368E0627D097EC00D99343 /* Build configuration list for PBXProject "DesignCodeiOS15" */;
			compatibilityVersion = "Xcode 13.0";
			developmentRegion = en;
			hasScannedForEncodings = 0;
			knownRegions = (
				en,
				Base,
			);
			mainGroup = F4368E0227D097EC00D99343;
			productRefGroup = F4368E0C27D097EC00D99343 /* Products */;
			projectDirPath = "";
			projectRoot = "";
			targets = (
				F4368E0A27D097EC00D99343 /* DesignCodeiOS15 */,
			);
		};
/* End PBXProject section */

/* Begin PBXResourcesBuildPhase section */
		F4368E0927D097EC00D99343 /* Resources */ = {
			isa = PBXResourcesBuildPhase;
			buildActionMask = 2147483647;
			files = (
				F4368E1627D097EE00D99343 /* Preview Assets.xcassets in Resources */,
				F4368E1327D097EE00D99343 /* Assets.xcassets in Resources */,
			);
			runOnlyForDeploymentPostprocessing = 0;
		};
/* End PBXResourcesBuildPhase section */

/* Begin PBXSourcesBuildPhase section */
		F4368E0727D097EC00D99343 /* Sources */ = {
			isa = PBXSourcesBuildPhase;
			buildActionMask = 2147483647;
			files = (
				F4478B9427D9F4C600787D5F /* SearchView.swift in Sources */,
				F410AE2827D6004A00D967CD /* HomeView.swift in Sources */,
				F4368E1F27D0C1F600D99343 /* AccountView.swift in Sources */,
				F4478B8E27D9978B00787D5F /* CourseView.swift in Sources */,
				F4368E2127D1D8C100D99343 /* HexagonView.swift in Sources */,
				F4478B9627DA091C00787D5F /* Suggestion.swift in Sources */,
				F4368E1D27D0A9C900D99343 /* Styles.swift in Sources */,
				F4478B8A27D983C400787D5F /* MatchedView.swift in Sources */,
				F410AE2627D5B30700D967CD /* Tab.swift in Sources */,
				F410AE3127D6EA1F00D967CD /* NavigationBar.swift in Sources */,
				F4368E2327D1E42800D99343 /* BlobView.swift in Sources */,
				F4368E1127D097EC00D99343 /* ContentView.swift in Sources */,
				F4478B8827D8A87C00787D5F /* Course.swift in Sources */,
				F4368E0F27D097EC00D99343 /* DesignCodeiOS15App.swift in Sources */,
				F4478B8C27D996B000787D5F /* CourseItem.swift in Sources */,
				F410AE2F27D6034900D967CD /* FeaturedItem.swift in Sources */,
				F4478B9027D9A06A00787D5F /* Animations.swift in Sources */,
				F4478B8427D6F0C300787D5F /* PreferenceKeys.swift in Sources */,
				F4478B9227D9C93200787D5F /* Model.swift in Sources */,
				F410AE2427D5AE7400D967CD /* TabBar.swift in Sources */,
				F4478B8627D8A60100787D5F /* AnimatableFontModifier.swift in Sources */,
			);
			runOnlyForDeploymentPostprocessing = 0;
		};
/* End PBXSourcesBuildPhase section */

/* Begin XCBuildConfiguration section */
		F4368E1727D097EE00D99343 /* Debug */ = {
			isa = XCBuildConfiguration;
			buildSettings = {
				ALWAYS_SEARCH_USER_PATHS = NO;
				CLANG_ANALYZER_NONNULL = YES;
				CLANG_ANALYZER_NUMBER_OBJECT_CONVERSION = YES_AGGRESSIVE;
				CLANG_CXX_LANGUAGE_STANDARD = "gnu++17";
				CLANG_CXX_LIBRARY = "libc++";
				CLANG_ENABLE_MODULES = YES;
				CLANG_ENABLE_OBJC_ARC = YES;
				CLANG_ENABLE_OBJC_WEAK = YES;
				CLANG_WARN_BLOCK_CAPTURE_AUTORELEASING = YES;
				CLANG_WARN_BOOL_CONVERSION = YES;
				CLANG_WARN_COMMA = YES;
				CLANG_WARN_CONSTANT_CONVERSION = YES;
				CLANG_WARN_DEPRECATED_OBJC_IMPLEMENTATIONS = YES;
				CLANG_WARN_DIRECT_OBJC_ISA_USAGE = YES_ERROR;
				CLANG_WARN_DOCUMENTATION_COMMENTS = YES;
				CLANG_WARN_EMPTY_BODY = YES;
				CLANG_WARN_ENUM_CONVERSION = YES;
				CLANG_WARN_INFINITE_RECURSION = YES;
				CLANG_WARN_INT_CONVERSION = YES;
				CLANG_WARN_NON_LITERAL_NULL_CONVERSION = YES;
				CLANG_WARN_OBJC_IMPLICIT_RETAIN_SELF = YES;
				CLANG_WARN_OBJC_LITERAL_CONVERSION = YES;
				CLANG_WARN_OBJC_ROOT_CLASS = YES_ERROR;
				CLANG_WARN_QUOTED_INCLUDE_IN_FRAMEWORK_HEADER = YES;
				CLANG_WARN_RANGE_LOOP_ANALYSIS = YES;
				CLANG_WARN_STRICT_PROTOTYPES = YES;
				CLANG_WARN_SUSPICIOUS_MOVE = YES;
				CLANG_WARN_UNGUARDED_AVAILABILITY = YES_AGGRESSIVE;
				CLANG_WARN_UNREACHABLE_CODE = YES;
				CLANG_WARN__DUPLICATE_METHOD_MATCH = YES;
				COPY_PHASE_STRIP = NO;
				DEBUG_INFORMATION_FORMAT = dwarf;
				ENABLE_STRICT_OBJC_MSGSEND = YES;
				ENABLE_TESTABILITY = YES;
				GCC_C_LANGUAGE_STANDARD = gnu11;
				GCC_DYNAMIC_NO_PIC = NO;
				GCC_NO_COMMON_BLOCKS = YES;
				GCC_OPTIMIZATION_LEVEL = 0;
				GCC_PREPROCESSOR_DEFINITIONS = (
					"DEBUG=1",
					"$(inherited)",
				);
				GCC_WARN_64_TO_32_BIT_CONVERSION = YES;
				GCC_WARN_ABOUT_RETURN_TYPE = YES_ERROR;
				GCC_WARN_UNDECLARED_SELECTOR = YES;
				GCC_WARN_UNINITIALIZED_AUTOS = YES_AGGRESSIVE;
				GCC_WARN_UNUSED_FUNCTION = YES;
				GCC_WARN_UNUSED_VARIABLE = YES;
				IPHONEOS_DEPLOYMENT_TARGET = 15.2;
				MTL_ENABLE_DEBUG_INFO = INCLUDE_SOURCE;
				MTL_FAST_MATH = YES;
				ONLY_ACTIVE_ARCH = YES;
				SDKROOT = iphoneos;
				SWIFT_ACTIVE_COMPILATION_CONDITIONS = DEBUG;
				SWIFT_OPTIMIZATION_LEVEL = "-Onone";
			};
			name = Debug;
		};
		F4368E1827D097EE00D99343 /* Release */ = {
			isa = XCBuildConfiguration;
			buildSettings = {
				ALWAYS_SEARCH_USER_PATHS = NO;
				CLANG_ANALYZER_NONNULL = YES;
				CLANG_ANALYZER_NUMBER_OBJECT_CONVERSION = YES_AGGRESSIVE;
				CLANG_CXX_LANGUAGE_STANDARD = "gnu++17";
				CLANG_CXX_LIBRARY = "libc++";
				CLANG_ENABLE_MODULES = YES;
				CLANG_ENABLE_OBJC_ARC = YES;
				CLANG_ENABLE_OBJC_WEAK = YES;
				CLANG_WARN_BLOCK_CAPTURE_AUTORELEASING = YES;
				CLANG_WARN_BOOL_CONVERSION = YES;
				CLANG_WARN_COMMA = YES;
				CLANG_WARN_CONSTANT_CONVERSION = YES;
				CLANG_WARN_DEPRECATED_OBJC_IMPLEMENTATIONS = YES;
				CLANG_WARN_DIRECT_OBJC_ISA_USAGE = YES_ERROR;
				CLANG_WARN_DOCUMENTATION_COMMENTS = YES;
				CLANG_WARN_EMPTY_BODY = YES;
				CLANG_WARN_ENUM_CONVERSION = YES;
				CLANG_WARN_INFINITE_RECURSION = YES;
				CLANG_WARN_INT_CONVERSION = YES;
				CLANG_WARN_NON_LITERAL_NULL_CONVERSION = YES;
				CLANG_WARN_OBJC_IMPLICIT_RETAIN_SELF = YES;
				CLANG_WARN_OBJC_LITERAL_CONVERSION = YES;
				CLANG_WARN_OBJC_ROOT_CLASS = YES_ERROR;
				CLANG_WARN_QUOTED_INCLUDE_IN_FRAMEWORK_HEADER = YES;
				CLANG_WARN_RANGE_LOOP_ANALYSIS = YES;
				CLANG_WARN_STRICT_PROTOTYPES = YES;
				CLANG_WARN_SUSPICIOUS_MOVE = YES;
				CLANG_WARN_UNGUARDED_AVAILABILITY = YES_AGGRESSIVE;
				CLANG_WARN_UNREACHABLE_CODE = YES;
				CLANG_WARN__DUPLICATE_METHOD_MATCH = YES;
				COPY_PHASE_STRIP = NO;
				DEBUG_INFORMATION_FORMAT = "dwarf-with-dsym";
				ENABLE_NS_ASSERTIONS = NO;
				ENABLE_STRICT_OBJC_MSGSEND = YES;
				GCC_C_LANGUAGE_STANDARD = gnu11;
				GCC_NO_COMMON_BLOCKS = YES;
				GCC_WARN_64_TO_32_BIT_CONVERSION = YES;
				GCC_WARN_ABOUT_RETURN_TYPE = YES_ERROR;
				GCC_WARN_UNDECLARED_SELECTOR = YES;
				GCC_WARN_UNINITIALIZED_AUTOS = YES_AGGRESSIVE;
				GCC_WARN_UNUSED_FUNCTION = YES;
				GCC_WARN_UNUSED_VARIABLE = YES;
				IPHONEOS_DEPLOYMENT_TARGET = 15.2;
				MTL_ENABLE_DEBUG_INFO = NO;
				MTL_FAST_MATH = YES;
				SDKROOT = iphoneos;
				SWIFT_COMPILATION_MODE = wholemodule;
				SWIFT_OPTIMIZATION_LEVEL = "-O";
				VALIDATE_PRODUCT = YES;
			};
			name = Release;
		};
		F4368E1A27D097EE00D99343 /* Debug */ = {
			isa = XCBuildConfiguration;
			buildSettings = {
				ASSETCATALOG_COMPILER_APPICON_NAME = AppIcon;
				ASSETCATALOG_COMPILER_GLOBAL_ACCENT_COLOR_NAME = AccentColor;
				CODE_SIGN_STYLE = Automatic;
				CURRENT_PROJECT_VERSION = 1;
				DEVELOPMENT_ASSET_PATHS = "\"DesignCodeiOS15/Preview Content\"";
				ENABLE_PREVIEWS = YES;
				GENERATE_INFOPLIST_FILE = YES;
				INFOPLIST_KEY_UIApplicationSceneManifest_Generation = YES;
				INFOPLIST_KEY_UIApplicationSupportsIndirectInputEvents = YES;
				INFOPLIST_KEY_UILaunchScreen_Generation = YES;
				INFOPLIST_KEY_UISupportedInterfaceOrientations_iPad = "UIInterfaceOrientationPortrait UIInterfaceOrientationPortraitUpsideDown UIInterfaceOrientationLandscapeLeft UIInterfaceOrientationLandscapeRight";
				INFOPLIST_KEY_UISupportedInterfaceOrientations_iPhone = "UIInterfaceOrientationPortrait UIInterfaceOrientationLandscapeLeft UIInterfaceOrientationLandscapeRight";
				LD_RUNPATH_SEARCH_PATHS = (
					"$(inherited)",
					"@executable_path/Frameworks",
				);
				MARKETING_VERSION = 1.0;
				PRODUCT_BUNDLE_IDENTIFIER = com.simonyang.demo.DesignCodeiOS15;
				PRODUCT_NAME = DesignCode;
				SWIFT_EMIT_LOC_STRINGS = YES;
				SWIFT_VERSION = 5.0;
				TARGETED_DEVICE_FAMILY = "1,2";
			};
			name = Debug;
		};
		F4368E1B27D097EE00D99343 /* Release */ = {
			isa = XCBuildConfiguration;
			buildSettings = {
				ASSETCATALOG_COMPILER_APPICON_NAME = AppIcon;
				ASSETCATALOG_COMPILER_GLOBAL_ACCENT_COLOR_NAME = AccentColor;
				CODE_SIGN_STYLE = Automatic;
				CURRENT_PROJECT_VERSION = 1;
				DEVELOPMENT_ASSET_PATHS = "\"DesignCodeiOS15/Preview Content\"";
				ENABLE_PREVIEWS = YES;
				GENERATE_INFOPLIST_FILE = YES;
				INFOPLIST_KEY_UIApplicationSceneManifest_Generation = YES;
				INFOPLIST_KEY_UIApplicationSupportsIndirectInputEvents = YES;
				INFOPLIST_KEY_UILaunchScreen_Generation = YES;
				INFOPLIST_KEY_UISupportedInterfaceOrientations_iPad = "UIInterfaceOrientationPortrait UIInterfaceOrientationPortraitUpsideDown UIInterfaceOrientationLandscapeLeft UIInterfaceOrientationLandscapeRight";
				INFOPLIST_KEY_UISupportedInterfaceOrientations_iPhone = "UIInterfaceOrientationPortrait UIInterfaceOrientationLandscapeLeft UIInterfaceOrientationLandscapeRight";
				LD_RUNPATH_SEARCH_PATHS = (
					"$(inherited)",
					"@executable_path/Frameworks",
				);
				MARKETING_VERSION = 1.0;
				PRODUCT_BUNDLE_IDENTIFIER = com.simonyang.demo.DesignCodeiOS15;
				PRODUCT_NAME = DesignCode;
				SWIFT_EMIT_LOC_STRINGS = YES;
				SWIFT_VERSION = 5.0;
				TARGETED_DEVICE_FAMILY = "1,2";
			};
			name = Release;
		};
/* End XCBuildConfiguration section */

/* Begin XCConfigurationList section */
		F4368E0627D097EC00D99343 /* Build configuration list for PBXProject "DesignCodeiOS15" */ = {
			isa = XCConfigurationList;
			buildConfigurations = (
				F4368E1727D097EE00D99343 /* Debug */,
				F4368E1827D097EE00D99343 /* Release */,
			);
			defaultConfigurationIsVisible = 0;
			defaultConfigurationName = Release;
		};
		F4368E1927D097EE00D99343 /* Build configuration list for PBXNativeTarget "DesignCodeiOS15" */ = {
			isa = XCConfigurationList;
			buildConfigurations = (
				F4368E1A27D097EE00D99343 /* Debug */,
				F4368E1B27D097EE00D99343 /* Release */,
			);
			defaultConfigurationIsVisible = 0;
			defaultConfigurationName = Release;
		};
/* End XCConfigurationList section */
	};
	rootObject = F4368E0327D097EC00D99343 /* Project object */;
}
